
Microsoft Visual Studio Solution File, Format Version 12.00
# Visual Studio Version 17
VisualStudioVersion = 17.9.34902.65
MinimumVisualStudioVersion = 10.0.40219.1
Project("{2150E333-8FDC-42A3-9474-1A3956D46DE8}") = "Tests", "Tests", "{7424733F-426B-41BA-89BE-532A55775D7D}"
EndProject
Project("{9A19103F-16F7-4668-BE54-9A1E7A4F7556}") = "ThingsLibrary.Schema.Library", "src\ThingsLibrary.Schema.Library\ThingsLibrary.Schema.Library.csproj", "{BF200913-777C-48AE-9443-6F9EC9A053D1}"
EndProject
Project("{9A19103F-16F7-4668-BE54-9A1E7A4F7556}") = "ThingsLibrary.Schema.Library.Tests", "tests\ThingsLibrary.Schema.Library.Tests\ThingsLibrary.Schema.Library.Tests.csproj", "{F029CE58-D961-4E4C-AAA2-8404BBFA198F}"
EndProject
Project("{2150E333-8FDC-42A3-9474-1A3956D46DE8}") = ".github", ".github", "{B0E68A35-280D-4879-A34B-52B06726502F}"
	ProjectSection(SolutionItems) = preProject
		.github\workflows\codeql.yml = .github\workflows\codeql.yml
		.github\workflows\markdown_checker.yml = .github\workflows\markdown_checker.yml
		.github\workflows\publish_nugets.yml = .github\workflows\publish_nugets.yml
		.github\workflows\pull_requests.yml = .github\workflows\pull_requests.yml
	EndProjectSection
EndProject
Project("{2150E333-8FDC-42A3-9474-1A3956D46DE8}") = "Library", "Library", "{0B4C8761-2618-4F01-B8F4-47DFB115AEEF}"
EndProject
Project("{2150E333-8FDC-42A3-9474-1A3956D46DE8}") = "ServiceCanvas", "ServiceCanvas", "{DE06456B-068F-43E1-87ED-72316D8322E7}"
EndProject
Project("{9A19103F-16F7-4668-BE54-9A1E7A4F7556}") = "ThingsLibrary.Schema.ServiceCanvas", "src\ThingsLibrary.Schema.ServiceCanvas\ThingsLibrary.Schema.ServiceCanvas.csproj", "{6FDCB98A-F85A-412F-B21B-62996834D316}"
EndProject
Project("{2150E333-8FDC-42A3-9474-1A3956D46DE8}") = "Tests", "Tests", "{980DC040-3DDC-4C1F-B0CE-61A38676EBDE}"
EndProject
Project("{9A19103F-16F7-4668-BE54-9A1E7A4F7556}") = "ThingsLibrary.Services.ServiceCanvas.Tests", "tests\ThingsLibrary.Schema.ServiceCanvas.Tests\ThingsLibrary.Services.ServiceCanvas.Tests.csproj", "{F3633A46-1573-4C51-95FB-04BB39D3C4BB}"
EndProject
Project("{9A19103F-16F7-4668-BE54-9A1E7A4F7556}") = "ThingsLibrary.Schema", "ThingsLibrary.Schema\ThingsLibrary.Schema.csproj", "{094B7E47-C196-494A-887A-CFC5D5934586}"
EndProject
Global
	GlobalSection(SolutionConfigurationPlatforms) = preSolution
		Debug|Any CPU = Debug|Any CPU
		Debug|ARM64 = Debug|ARM64
		Debug|x64 = Debug|x64
		Debug|x86 = Debug|x86
		Release|Any CPU = Release|Any CPU
		Release|ARM64 = Release|ARM64
		Release|x64 = Release|x64
		Release|x86 = Release|x86
	EndGlobalSection
	GlobalSection(ProjectConfigurationPlatforms) = postSolution
		{BF200913-777C-48AE-9443-6F9EC9A053D1}.Debug|Any CPU.ActiveCfg = Debug|Any CPU
		{BF200913-777C-48AE-9443-6F9EC9A053D1}.Debug|Any CPU.Build.0 = Debug|Any CPU
		{BF200913-777C-48AE-9443-6F9EC9A053D1}.Debug|ARM64.ActiveCfg = Debug|Any CPU
		{BF200913-777C-48AE-9443-6F9EC9A053D1}.Debug|ARM64.Build.0 = Debug|Any CPU
		{BF200913-777C-48AE-9443-6F9EC9A053D1}.Debug|x64.ActiveCfg = Debug|Any CPU
		{BF200913-777C-48AE-9443-6F9EC9A053D1}.Debug|x64.Build.0 = Debug|Any CPU
		{BF200913-777C-48AE-9443-6F9EC9A053D1}.Debug|x86.ActiveCfg = Debug|Any CPU
		{BF200913-777C-48AE-9443-6F9EC9A053D1}.Debug|x86.Build.0 = Debug|Any CPU
		{BF200913-777C-48AE-9443-6F9EC9A053D1}.Release|Any CPU.ActiveCfg = Release|Any CPU
		{BF200913-777C-48AE-9443-6F9EC9A053D1}.Release|Any CPU.Build.0 = Release|Any CPU
		{BF200913-777C-48AE-9443-6F9EC9A053D1}.Release|ARM64.ActiveCfg = Release|Any CPU
		{BF200913-777C-48AE-9443-6F9EC9A053D1}.Release|ARM64.Build.0 = Release|Any CPU
		{BF200913-777C-48AE-9443-6F9EC9A053D1}.Release|x64.ActiveCfg = Release|Any CPU
		{BF200913-777C-48AE-9443-6F9EC9A053D1}.Release|x64.Build.0 = Release|Any CPU
		{BF200913-777C-48AE-9443-6F9EC9A053D1}.Release|x86.ActiveCfg = Release|Any CPU
		{BF200913-777C-48AE-9443-6F9EC9A053D1}.Release|x86.Build.0 = Release|Any CPU
		{F029CE58-D961-4E4C-AAA2-8404BBFA198F}.Debug|Any CPU.ActiveCfg = Debug|Any CPU
		{F029CE58-D961-4E4C-AAA2-8404BBFA198F}.Debug|Any CPU.Build.0 = Debug|Any CPU
		{F029CE58-D961-4E4C-AAA2-8404BBFA198F}.Debug|ARM64.ActiveCfg = Debug|Any CPU
		{F029CE58-D961-4E4C-AAA2-8404BBFA198F}.Debug|ARM64.Build.0 = Debug|Any CPU
		{F029CE58-D961-4E4C-AAA2-8404BBFA198F}.Debug|x64.ActiveCfg = Debug|Any CPU
		{F029CE58-D961-4E4C-AAA2-8404BBFA198F}.Debug|x64.Build.0 = Debug|Any CPU
		{F029CE58-D961-4E4C-AAA2-8404BBFA198F}.Debug|x86.ActiveCfg = Debug|Any CPU
		{F029CE58-D961-4E4C-AAA2-8404BBFA198F}.Debug|x86.Build.0 = Debug|Any CPU
		{F029CE58-D961-4E4C-AAA2-8404BBFA198F}.Release|Any CPU.ActiveCfg = Release|Any CPU
		{F029CE58-D961-4E4C-AAA2-8404BBFA198F}.Release|Any CPU.Build.0 = Release|Any CPU
		{F029CE58-D961-4E4C-AAA2-8404BBFA198F}.Release|ARM64.ActiveCfg = Release|Any CPU
		{F029CE58-D961-4E4C-AAA2-8404BBFA198F}.Release|ARM64.Build.0 = Release|Any CPU
		{F029CE58-D961-4E4C-AAA2-8404BBFA198F}.Release|x64.ActiveCfg = Release|Any CPU
		{F029CE58-D961-4E4C-AAA2-8404BBFA198F}.Release|x64.Build.0 = Release|Any CPU
		{F029CE58-D961-4E4C-AAA2-8404BBFA198F}.Release|x86.ActiveCfg = Release|Any CPU
		{F029CE58-D961-4E4C-AAA2-8404BBFA198F}.Release|x86.Build.0 = Release|Any CPU
		{6FDCB98A-F85A-412F-B21B-62996834D316}.Debug|Any CPU.ActiveCfg = Debug|Any CPU
		{6FDCB98A-F85A-412F-B21B-62996834D316}.Debug|Any CPU.Build.0 = Debug|Any CPU
		{6FDCB98A-F85A-412F-B21B-62996834D316}.Debug|ARM64.ActiveCfg = Debug|Any CPU
		{6FDCB98A-F85A-412F-B21B-62996834D316}.Debug|ARM64.Build.0 = Debug|Any CPU
		{6FDCB98A-F85A-412F-B21B-62996834D316}.Debug|x64.ActiveCfg = Debug|Any CPU
		{6FDCB98A-F85A-412F-B21B-62996834D316}.Debug|x64.Build.0 = Debug|Any CPU
		{6FDCB98A-F85A-412F-B21B-62996834D316}.Debug|x86.ActiveCfg = Debug|Any CPU
		{6FDCB98A-F85A-412F-B21B-62996834D316}.Debug|x86.Build.0 = Debug|Any CPU
		{6FDCB98A-F85A-412F-B21B-62996834D316}.Release|Any CPU.ActiveCfg = Release|Any CPU
		{6FDCB98A-F85A-412F-B21B-62996834D316}.Release|Any CPU.Build.0 = Release|Any CPU
		{6FDCB98A-F85A-412F-B21B-62996834D316}.Release|ARM64.ActiveCfg = Release|Any CPU
		{6FDCB98A-F85A-412F-B21B-62996834D316}.Release|ARM64.Build.0 = Release|Any CPU
		{6FDCB98A-F85A-412F-B21B-62996834D316}.Release|x64.ActiveCfg = Release|Any CPU
		{6FDCB98A-F85A-412F-B21B-62996834D316}.Release|x64.Build.0 = Release|Any CPU
		{6FDCB98A-F85A-412F-B21B-62996834D316}.Release|x86.ActiveCfg = Release|Any CPU
		{6FDCB98A-F85A-412F-B21B-62996834D316}.Release|x86.Build.0 = Release|Any CPU
		{F3633A46-1573-4C51-95FB-04BB39D3C4BB}.Debug|Any CPU.ActiveCfg = Debug|Any CPU
		{F3633A46-1573-4C51-95FB-04BB39D3C4BB}.Debug|Any CPU.Build.0 = Debug|Any CPU
		{F3633A46-1573-4C51-95FB-04BB39D3C4BB}.Debug|ARM64.ActiveCfg = Debug|Any CPU
		{F3633A46-1573-4C51-95FB-04BB39D3C4BB}.Debug|ARM64.Build.0 = Debug|Any CPU
		{F3633A46-1573-4C51-95FB-04BB39D3C4BB}.Debug|x64.ActiveCfg = Debug|Any CPU
		{F3633A46-1573-4C51-95FB-04BB39D3C4BB}.Debug|x64.Build.0 = Debug|Any CPU
		{F3633A46-1573-4C51-95FB-04BB39D3C4BB}.Debug|x86.ActiveCfg = Debug|Any CPU
		{F3633A46-1573-4C51-95FB-04BB39D3C4BB}.Debug|x86.Build.0 = Debug|Any CPU
		{F3633A46-1573-4C51-95FB-04BB39D3C4BB}.Release|Any CPU.ActiveCfg = Release|Any CPU
		{F3633A46-1573-4C51-95FB-04BB39D3C4BB}.Release|Any CPU.Build.0 = Release|Any CPU
		{F3633A46-1573-4C51-95FB-04BB39D3C4BB}.Release|ARM64.ActiveCfg = Release|Any CPU
		{F3633A46-1573-4C51-95FB-04BB39D3C4BB}.Release|ARM64.Build.0 = Release|Any CPU
		{F3633A46-1573-4C51-95FB-04BB39D3C4BB}.Release|x64.ActiveCfg = Release|Any CPU
		{F3633A46-1573-4C51-95FB-04BB39D3C4BB}.Release|x64.Build.0 = Release|Any CPU
		{F3633A46-1573-4C51-95FB-04BB39D3C4BB}.Release|x86.ActiveCfg = Release|Any CPU
		{F3633A46-1573-4C51-95FB-04BB39D3C4BB}.Release|x86.Build.0 = Release|Any CPU
		{094B7E47-C196-494A-887A-CFC5D5934586}.Debug|Any CPU.ActiveCfg = Debug|Any CPU
		{094B7E47-C196-494A-887A-CFC5D5934586}.Debug|Any CPU.Build.0 = Debug|Any CPU
		{094B7E47-C196-494A-887A-CFC5D5934586}.Debug|ARM64.ActiveCfg = Debug|Any CPU
		{094B7E47-C196-494A-887A-CFC5D5934586}.Debug|ARM64.Build.0 = Debug|Any CPU
		{094B7E47-C196-494A-887A-CFC5D5934586}.Debug|x64.ActiveCfg = Debug|Any CPU
		{094B7E47-C196-494A-887A-CFC5D5934586}.Debug|x64.Build.0 = Debug|Any CPU
		{094B7E47-C196-494A-887A-CFC5D5934586}.Debug|x86.ActiveCfg = Debug|Any CPU
		{094B7E47-C196-494A-887A-CFC5D5934586}.Debug|x86.Build.0 = Debug|Any CPU
		{094B7E47-C196-494A-887A-CFC5D5934586}.Release|Any CPU.ActiveCfg = Release|Any CPU
		{094B7E47-C196-494A-887A-CFC5D5934586}.Release|Any CPU.Build.0 = Release|Any CPU
		{094B7E47-C196-494A-887A-CFC5D5934586}.Release|ARM64.ActiveCfg = Release|Any CPU
		{094B7E47-C196-494A-887A-CFC5D5934586}.Release|ARM64.Build.0 = Release|Any CPU
		{094B7E47-C196-494A-887A-CFC5D5934586}.Release|x64.ActiveCfg = Release|Any CPU
		{094B7E47-C196-494A-887A-CFC5D5934586}.Release|x64.Build.0 = Release|Any CPU
		{094B7E47-C196-494A-887A-CFC5D5934586}.Release|x86.ActiveCfg = Release|Any CPU
		{094B7E47-C196-494A-887A-CFC5D5934586}.Release|x86.Build.0 = Release|Any CPU
	EndGlobalSection
	GlobalSection(SolutionProperties) = preSolution
		HideSolutionNode = FALSE
	EndGlobalSection
	GlobalSection(NestedProjects) = preSolution
		{7424733F-426B-41BA-89BE-532A55775D7D} = {0B4C8761-2618-4F01-B8F4-47DFB115AEEF}
		{BF200913-777C-48AE-9443-6F9EC9A053D1} = {0B4C8761-2618-4F01-B8F4-47DFB115AEEF}
		{F029CE58-D961-4E4C-AAA2-8404BBFA198F} = {7424733F-426B-41BA-89BE-532A55775D7D}
		{6FDCB98A-F85A-412F-B21B-62996834D316} = {DE06456B-068F-43E1-87ED-72316D8322E7}
		{980DC040-3DDC-4C1F-B0CE-61A38676EBDE} = {DE06456B-068F-43E1-87ED-72316D8322E7}
		{F3633A46-1573-4C51-95FB-04BB39D3C4BB} = {980DC040-3DDC-4C1F-B0CE-61A38676EBDE}
	EndGlobalSection
	GlobalSection(ExtensibilityGlobals) = postSolution
		SolutionGuid = {784A0195-CCFA-41EE-A700-E0FAF6511A2E}
	EndGlobalSection
EndGlobal
